
Microsoft Visual Studio Solution File, Format Version 12.00
# Visual Studio Version 18
VisualStudioVersion = 18.0.11201.2
MinimumVisualStudioVersion = 15.0.26124.0
Project("{2150E333-8FDC-42A3-9474-1A3956D46DE8}") = "Solution Items", "Solution Items", "{E316FCD7-C0C8-4F2F-87FB-F92921756F02}"
	ProjectSection(SolutionItems) = preProject
		Directory.Build.props = Directory.Build.props
		..\global.json = ..\global.json
	EndProjectSection
EndProject
Project("{FAE04EC0-301F-11D3-BF4B-00C04F79EFBC}") = "Assignment", "Assignment\Assignment.csproj", "{614AF5D9-703D-8F03-CE27-C94E05E9C1E3}"
EndProject
Project("{FAE04EC0-301F-11D3-BF4B-00C04F79EFBC}") = "Assignment.Interfaces", "Assignment.Interfaces\Assignment.Interfaces.csproj", "{A3D0FA39-8B05-899C-7F7B-9F32114FDC15}"
EndProject
Project("{FAE04EC0-301F-11D3-BF4B-00C04F79EFBC}") = "Assignment.Tests", "Assignment.Tests\Assignment.Tests.csproj", "{EBB1D59A-64F9-DA42-E9C7-D74C12912E57}"
EndProject
Global
	GlobalSection(SolutionConfigurationPlatforms) = preSolution
		Debug|Any CPU = Debug|Any CPU
		Debug|x64 = Debug|x64
		Debug|x86 = Debug|x86
		Release|Any CPU = Release|Any CPU
		Release|x64 = Release|x64
		Release|x86 = Release|x86
	EndGlobalSection
	GlobalSection(ProjectConfigurationPlatforms) = postSolution
		{614AF5D9-703D-8F03-CE27-C94E05E9C1E3}.Debug|Any CPU.ActiveCfg = Debug|Any CPU
		{614AF5D9-703D-8F03-CE27-C94E05E9C1E3}.Debug|Any CPU.Build.0 = Debug|Any CPU
		{614AF5D9-703D-8F03-CE27-C94E05E9C1E3}.Debug|x64.ActiveCfg = Debug|Any CPU
		{614AF5D9-703D-8F03-CE27-C94E05E9C1E3}.Debug|x64.Build.0 = Debug|Any CPU
		{614AF5D9-703D-8F03-CE27-C94E05E9C1E3}.Debug|x86.ActiveCfg = Debug|Any CPU
		{614AF5D9-703D-8F03-CE27-C94E05E9C1E3}.Debug|x86.Build.0 = Debug|Any CPU
		{614AF5D9-703D-8F03-CE27-C94E05E9C1E3}.Release|Any CPU.ActiveCfg = Release|Any CPU
		{614AF5D9-703D-8F03-CE27-C94E05E9C1E3}.Release|Any CPU.Build.0 = Release|Any CPU
		{614AF5D9-703D-8F03-CE27-C94E05E9C1E3}.Release|x64.ActiveCfg = Release|Any CPU
		{614AF5D9-703D-8F03-CE27-C94E05E9C1E3}.Release|x64.Build.0 = Release|Any CPU
		{614AF5D9-703D-8F03-CE27-C94E05E9C1E3}.Release|x86.ActiveCfg = Release|Any CPU
		{614AF5D9-703D-8F03-CE27-C94E05E9C1E3}.Release|x86.Build.0 = Release|Any CPU
		{A3D0FA39-8B05-899C-7F7B-9F32114FDC15}.Debug|Any CPU.ActiveCfg = Debug|Any CPU
		{A3D0FA39-8B05-899C-7F7B-9F32114FDC15}.Debug|Any CPU.Build.0 = Debug|Any CPU
		{A3D0FA39-8B05-899C-7F7B-9F32114FDC15}.Debug|x64.ActiveCfg = Debug|Any CPU
		{A3D0FA39-8B05-899C-7F7B-9F32114FDC15}.Debug|x64.Build.0 = Debug|Any CPU
		{A3D0FA39-8B05-899C-7F7B-9F32114FDC15}.Debug|x86.ActiveCfg = Debug|Any CPU
		{A3D0FA39-8B05-899C-7F7B-9F32114FDC15}.Debug|x86.Build.0 = Debug|Any CPU
		{A3D0FA39-8B05-899C-7F7B-9F32114FDC15}.Release|Any CPU.ActiveCfg = Release|Any CPU
		{A3D0FA39-8B05-899C-7F7B-9F32114FDC15}.Release|Any CPU.Build.0 = Release|Any CPU
		{A3D0FA39-8B05-899C-7F7B-9F32114FDC15}.Release|x64.ActiveCfg = Release|Any CPU
		{A3D0FA39-8B05-899C-7F7B-9F32114FDC15}.Release|x64.Build.0 = Release|Any CPU
		{A3D0FA39-8B05-899C-7F7B-9F32114FDC15}.Release|x86.ActiveCfg = Release|Any CPU
		{A3D0FA39-8B05-899C-7F7B-9F32114FDC15}.Release|x86.Build.0 = Release|Any CPU
		{EBB1D59A-64F9-DA42-E9C7-D74C12912E57}.Debug|Any CPU.ActiveCfg = Debug|Any CPU
		{EBB1D59A-64F9-DA42-E9C7-D74C12912E57}.Debug|Any CPU.Build.0 = Debug|Any CPU
		{EBB1D59A-64F9-DA42-E9C7-D74C12912E57}.Debug|x64.ActiveCfg = Debug|Any CPU
		{EBB1D59A-64F9-DA42-E9C7-D74C12912E57}.Debug|x64.Build.0 = Debug|Any CPU
		{EBB1D59A-64F9-DA42-E9C7-D74C12912E57}.Debug|x86.ActiveCfg = Debug|Any CPU
		{EBB1D59A-64F9-DA42-E9C7-D74C12912E57}.Debug|x86.Build.0 = Debug|Any CPU
		{EBB1D59A-64F9-DA42-E9C7-D74C12912E57}.Release|Any CPU.ActiveCfg = Release|Any CPU
		{EBB1D59A-64F9-DA42-E9C7-D74C12912E57}.Release|Any CPU.Build.0 = Release|Any CPU
		{EBB1D59A-64F9-DA42-E9C7-D74C12912E57}.Release|x64.ActiveCfg = Release|Any CPU
		{EBB1D59A-64F9-DA42-E9C7-D74C12912E57}.Release|x64.Build.0 = Release|Any CPU
		{EBB1D59A-64F9-DA42-E9C7-D74C12912E57}.Release|x86.ActiveCfg = Release|Any CPU
		{EBB1D59A-64F9-DA42-E9C7-D74C12912E57}.Release|x86.Build.0 = Release|Any CPU
	EndGlobalSection
	GlobalSection(SolutionProperties) = preSolution
		HideSolutionNode = FALSE
	EndGlobalSection
	GlobalSection(ExtensibilityGlobals) = postSolution
		SolutionGuid = {96A872D5-ACBB-46D6-B685-43C8B647A67C}
	EndGlobalSection
EndGlobal
